PODS:
  - CocoaLumberjack (3.7.2):
    - CocoaLumberjack/Core (= 3.7.2)
  - CocoaLumberjack/Core (3.7.2)
  - CommonDataModelsKit-iOS (1.0.42):
    - TapAdditionsKitV2
  - EasyAnimation (2.2.1)
  - Kingfisher (6.3.0)
  - LocalisationManagerKit-iOS (1.0.2)
  - McPicker (3.0.0)
  - MOLH (1.4.3)
  - Nuke (9.5.0)
  - PayCardsRecognizer (1.1.7)
  - PullUpController (0.8.0)
  - SDWebImage/Core (5.11.1)
  - SDWebImageSVGKitPlugin (1.3.0):
    - SDWebImage/Core (~> 5.10)
    - SVGKit (>= 2.1)
  - SimpleAnimation (0.4.2)
  - SnapKit (5.0.1)
  - SVGKit (3.0.0):
    - CocoaLumberjack (~> 3.0)
  - SwiftyRSA (1.6.0):
    - SwiftyRSA/ObjC (= 1.6.0)
  - SwiftyRSA/ObjC (1.6.0)
  - TapAdditionsKitV2 (0.0.8):
    - TapSwiftFixesV2
  - TapApplePayKit-iOS (1.0.6):
    - CommonDataModelsKit-iOS (~> 1.0.1)
  - TapApplicationV2 (0.0.2):
    - TapAdditionsKitV2
  - TapCardInputKit-iOS (1.0.24):
    - CommonDataModelsKit-iOS
    - LocalisationManagerKit-iOS
    - MOLH
    - Nuke
    - SnapKit
    - TapCardVlidatorKit-iOS
    - TapThemeManager2020
  - TapCardScanner-iOS (1.0.12):
    - CommonDataModelsKit-iOS (~> 1.0.1)
    - PayCardsRecognizer (~> 1.1.7)
  - TapCardVlidatorKit-iOS (1.0.12)
  - TapFontKit-iOS (0.0.8):
    - TapSwiftFixes
  - TapKeychain (1.0.5)
  - TapNetworkKit-iOS (1.0.5):
    - Kingfisher
    - TapAdditionsKitV2
  - TapSwiftFixes (1.0.9):
    - TapSwiftFixes/CoreGraphics (= 1.0.9)
    - TapSwiftFixes/Exceptions (= 1.0.9)
    - TapSwiftFixes/Threading (= 1.0.9)
  - TapSwiftFixes/CoreGraphics (1.0.9)
  - TapSwiftFixes/Exceptions (1.0.9)
  - TapSwiftFixes/Threading (1.0.9)
  - TapSwiftFixesV2 (1.0.0):
    - TapSwiftFixesV2/CoreGraphics (= 1.0.0)
    - TapSwiftFixesV2/Exceptions (= 1.0.0)
    - TapSwiftFixesV2/Threading (= 1.0.0)
  - TapSwiftFixesV2/CoreGraphics (1.0.0)
  - TapSwiftFixesV2/Exceptions (1.0.0)
  - TapSwiftFixesV2/Threading (1.0.0)
  - TapThemeManager2020 (1.0.47):
    - LocalisationManagerKit-iOS
    - TapFontKit-iOS
  - TapUIKit-iOS (1.0.43):
    - CommonDataModelsKit-iOS
    - EasyAnimation
    - LocalisationManagerKit-iOS
    - McPicker
    - MOLH
    - Nuke
    - PullUpController
    - SDWebImageSVGKitPlugin
    - SimpleAnimation
    - SnapKit
    - TapApplePayKit-iOS
    - TapCardInputKit-iOS
    - TapCardScanner-iOS
    - TapCardVlidatorKit-iOS
    - TapThemeManager2020

DEPENDENCIES:
  - SwiftyRSA
  - TapApplicationV2
  - TapKeychain
  - TapNetworkKit-iOS
  - TapUIKit-iOS

SPEC REPOS:
  trunk:
    - CocoaLumberjack
    - CommonDataModelsKit-iOS
    - EasyAnimation
    - Kingfisher
    - LocalisationManagerKit-iOS
    - McPicker
    - MOLH
    - Nuke
    - PayCardsRecognizer
    - PullUpController
    - SDWebImage
    - SDWebImageSVGKitPlugin
    - SimpleAnimation
    - SnapKit
    - SVGKit
    - SwiftyRSA
    - TapAdditionsKitV2
    - TapApplePayKit-iOS
    - TapApplicationV2
    - TapCardInputKit-iOS
    - TapCardScanner-iOS
    - TapCardVlidatorKit-iOS
    - TapFontKit-iOS
    - TapKeychain
    - TapNetworkKit-iOS
    - TapSwiftFixes
    - TapSwiftFixesV2
    - TapThemeManager2020
    - TapUIKit-iOS

SPEC CHECKSUMS:
  CocoaLumberjack: b7e05132ff94f6ae4dfa9d5bce9141893a21d9da
  CommonDataModelsKit-iOS: bc485ffa3a6cdb3ee6f2a97f0e3c5a22d2baf520
  EasyAnimation: 226d133d23ef0ef99ddfb8928ff2a9a4a77d1cfd
  Kingfisher: 6c3df386db71d82c0817a429d2c9421a77396529
  LocalisationManagerKit-iOS: cd702915c67faba899d4613d44ceb00cefccec6e
  McPicker: ba38be56a8194faa5249eca4226c364eed628044
  MOLH: e45827d200aeb1310641090fd8cd03ad2b42ae72
  Nuke: 6f400a4ea957e09149ec335a3c6acdcc814d89e4
  PayCardsRecognizer: 2e4d1b2fdd5f1528fb56064a91e1d58a1af7a2db
  PullUpController: 2f7ccaa0f35b31b47e3efbe1854c7f781552b3c7
  SDWebImage: a7f831e1a65eb5e285e3fb046a23fcfbf08e696d
  SDWebImageSVGKitPlugin: 8797e1c9b9baf80bd50d28e673e16a12359af1c9
  SimpleAnimation: 5430010b9548f392e7459290acce01c9ceba7171
  SnapKit: 97b92857e3df3a0c71833cce143274bf6ef8e5eb
  SVGKit: 1ad7513f8c74d9652f94ed64ddecda1a23864dea
  SwiftyRSA: 3b9c9179744217951facc6a3e9ae8d8c97061ffa
  TapAdditionsKitV2: ba369802e9575c3475ce6d5af228cf60c68edfc9
  TapApplePayKit-iOS: 940ab0575100d21e6080d17851cfe6c36bfebc24
  TapApplicationV2: aee3d046c4272778431e1535de6cab34e1269f8c
  TapCardInputKit-iOS: fc3bd4fbac14b22fd315437ca2c8930d87cc8dcf
  TapCardScanner-iOS: baba47bff7daa3db8cb9e86e60fc412f1322fbc6
  TapCardVlidatorKit-iOS: d92675984d683a6c1afca77a1cce43c4a8451726
  TapFontKit-iOS: 2cd57d5eb22d2b85872039d317ce4d96e9efbb2e
  TapKeychain: 143aa70bb2d1b094e0298e944660264034c79849
  TapNetworkKit-iOS: fad6af8fdcdac0e45fddd87c2fbd2f6e03331c7d
  TapSwiftFixes: db2aeb21942dd81ee051a31ed319dab0d03547a2
  TapSwiftFixesV2: a8623a7273c6790b9754ec7e272e96fce7d3a800
  TapThemeManager2020: 232de1690643733aa89eb7b1c4a626a11e775746
  TapUIKit-iOS: 6464cc59e648707c414f56066eb838d7fdeaf946

PODFILE CHECKSUM: 918c204e757c4da9d6722ebfd2bf5af9e2232c1a

COCOAPODS: 1.10.1
